{
  "version": "5",
  "specifiers": {
    "jsr:@aireone/deno-lint-curly@*": "0.2.0",
    "jsr:@std/assert@1.0.19": "1.0.19",
    "jsr:@std/internal@^1.0.12": "1.0.14"
  },
  "jsr": {
    "@aireone/deno-lint-curly@0.2.0": {
      "integrity": "c182ea5d2ed999c06ffa88a21aac2aed3cf0d14a1128d7fad3034337f7822b48"
    },
    "@std/assert@1.0.19": {
      "integrity": "eaada96ee120cb980bc47e040f82814d786fe8162ecc53c91d8df60b8755991e",
      "dependencies": [
        "jsr:@std/internal"
      ]
    },
    "@std/internal@1.0.14": {
      "integrity": "291516b3d4c35024d6ffbc0a9df5bf4c64116e05b50012cf846710152d2ffdf7"
    }
  },
  "workspace": {
    "dependencies": [
      "jsr:@std/assert@1.0.19",
      "jsr:@std/datetime@0.225.7",
      "npm:@deno/vite-plugin@2.0.2",
      "npm:@tanstack/react-query@5.101.0",
      "npm:@tanstack/react-router-devtools@1.167.0",
      "npm:@tanstack/react-router@1.170.15",
      "npm:@tanstack/router-plugin@1.168.18",
      "npm:@types/react-dom@19.2.3",
      "npm:@types/react@19.2.17",
      "npm:@vitejs/plugin-react@6.0.2",
      "npm:aribb24.js@2.0.19",
      "npm:hono@4.12.23",
      "npm:i18next@26.3.1",
      "npm:openapi-fetch@0.17.0",
      "npm:openapi-react-query@0.5.4",
      "npm:openapi-typescript-helpers@0.1.0",
      "npm:openapi-typescript@7.13.0",
      "npm:react-dom@19.2.7",
      "npm:react@19.2.7",
      "npm:vite@8.0.16"
    ]
  }
}
